PODS:
  - camera_avfoundation (0.0.1):
    - Flutter
  - camera_filters (0.1.6):
    - Flutter
  - ffmpeg-kit-ios-min (5.1)
  - ffmpeg_kit_flutter_min (5.1.0):
    - ffmpeg_kit_flutter_min/min (= 5.1.0)
    - Flutter
  - ffmpeg_kit_flutter_min/min (5.1.0):
    - ffmpeg-kit-ios-min (= 5.1)
    - Flutter
  - Flutter (1.0.0)
  - flutter_native_image (0.0.1):
    - Flutter
  - image_cropper (0.0.4):
    - Flutter
    - TOCropViewController (~> 2.6.1)
  - path_provider_foundation (0.0.1):
    - Flutter
    - FlutterMacOS
  - TOCropViewController (2.6.1)
  - video_player_avfoundation (0.0.1):
    - Flutter

DEPENDENCIES:
  - camera_avfoundation (from `.symlinks/plugins/camera_avfoundation/ios`)
  - camera_filters (from `.symlinks/plugins/camera_filters/ios`)
  - ffmpeg_kit_flutter_min (from `.symlinks/plugins/ffmpeg_kit_flutter_min/ios`)
  - Flutter (from `Flutter`)
  - flutter_native_image (from `.symlinks/plugins/flutter_native_image/ios`)
  - image_cropper (from `.symlinks/plugins/image_cropper/ios`)
  - path_provider_foundation (from `.symlinks/plugins/path_provider_foundation/ios`)
  - video_player_avfoundation (from `.symlinks/plugins/video_player_avfoundation/ios`)

SPEC REPOS:
  trunk:
    - ffmpeg-kit-ios-min
    - TOCropViewController

EXTERNAL SOURCES:
  camera_avfoundation:
    :path: ".symlinks/plugins/camera_avfoundation/ios"
  camera_filters:
    :path: ".symlinks/plugins/camera_filters/ios"
  ffmpeg_kit_flutter_min:
    :path: ".symlinks/plugins/ffmpeg_kit_flutter_min/ios"
  Flutter:
    :path: Flutter
  flutter_native_image:
    :path: ".symlinks/plugins/flutter_native_image/ios"
  image_cropper:
    :path: ".symlinks/plugins/image_cropper/ios"
  path_provider_foundation:
    :path: ".symlinks/plugins/path_provider_foundation/ios"
  video_player_avfoundation:
    :path: ".symlinks/plugins/video_player_avfoundation/ios"

SPEC CHECKSUMS:
  camera_avfoundation: 07c77549ea54ad95d8581be86617c094a46280d9
  camera_filters: e26b5615e373c0f3ab1d6a913070ebda9d69acec
  ffmpeg-kit-ios-min: 3748f7726cd539e308090371a9d572d1a9dfaf7e
  ffmpeg_kit_flutter_min: 03876cb5ff5f7cf493cbcef07fa738ae423e009c
  Flutter: f04841e97a9d0b0a8025694d0796dd46242b2854
  flutter_native_image: 9c0b7451838484458e5b0fae007b86a4c2d4bdfe
  image_cropper: 60c2789d1f1a78c873235d4319ca0c34a69f2d98
  path_provider_foundation: 37748e03f12783f9de2cb2c4eadfaa25fe6d4852
  TOCropViewController: edfd4f25713d56905ad1e0b9f5be3fbe0f59c863
  video_player_avfoundation: e489aac24ef5cf7af82702979ed16f2a5ef84cff

PODFILE CHECKSUM: cc1f88378b4bfcf93a6ce00d2c587857c6008d3b

COCOAPODS: 1.11.3
