PODS:
  - camera_avfoundation (0.0.1):
    - Flutter
  - camera_filters (0.1.6):
    - Flutter
  - Flutter (1.0.0)
  - flutter_native_image (0.0.1):
    - Flutter
  - image_cropper (0.0.4):
    - Flutter
    - TOCropViewController (~> 2.6.1)
  - path_provider_ios (0.0.1):
    - Flutter
  - TOCropViewController (2.6.1)
  - video_player_avfoundation (0.0.1):
    - Flutter

DEPENDENCIES:
  - camera_avfoundation (from `.symlinks/plugins/camera_avfoundation/ios`)
  - camera_filters (from `.symlinks/plugins/camera_filters/ios`)
  - Flutter (from `Flutter`)
  - flutter_native_image (from `.symlinks/plugins/flutter_native_image/ios`)
  - image_cropper (from `.symlinks/plugins/image_cropper/ios`)
  - path_provider_ios (from `.symlinks/plugins/path_provider_ios/ios`)
  - video_player_avfoundation (from `.symlinks/plugins/video_player_avfoundation/ios`)

SPEC REPOS:
  trunk:
    - TOCropViewController

EXTERNAL SOURCES:
  camera_avfoundation:
    :path: ".symlinks/plugins/camera_avfoundation/ios"
  camera_filters:
    :path: ".symlinks/plugins/camera_filters/ios"
  Flutter:
    :path: Flutter
  flutter_native_image:
    :path: ".symlinks/plugins/flutter_native_image/ios"
  image_cropper:
    :path: ".symlinks/plugins/image_cropper/ios"
  path_provider_ios:
    :path: ".symlinks/plugins/path_provider_ios/ios"
  video_player_avfoundation:
    :path: ".symlinks/plugins/video_player_avfoundation/ios"

SPEC CHECKSUMS:
  camera_avfoundation: 07c77549ea54ad95d8581be86617c094a46280d9
  camera_filters: e26b5615e373c0f3ab1d6a913070ebda9d69acec
  Flutter: 50d75fe2f02b26cc09d224853bb45737f8b3214a
  flutter_native_image: 9c0b7451838484458e5b0fae007b86a4c2d4bdfe
  image_cropper: 60c2789d1f1a78c873235d4319ca0c34a69f2d98
  path_provider_ios: 14f3d2fd28c4fdb42f44e0f751d12861c43cee02
  TOCropViewController: edfd4f25713d56905ad1e0b9f5be3fbe0f59c863
  video_player_avfoundation: e489aac24ef5cf7af82702979ed16f2a5ef84cff

PODFILE CHECKSUM: aafe91acc616949ddb318b77800a7f51bffa2a4c

COCOAPODS: 1.11.3
